
Microsoft Visual Studio Solution File, Format Version 12.00
# Visual Studio 15
VisualStudioVersion = 15.0.28307.1082
MinimumVisualStudioVersion = 10.0.40219.1
Project("{FAE04EC0-301F-11D3-BF4B-00C04F79EFBC}") = "LogMaskingTool", "LogMaskingTool\LogMaskingTool.csproj", "{A074E25F-9F5E-4F36-B65B-312823B9BE62}"
EndProject
Global
	GlobalSection(SolutionConfigurationPlatforms) = preSolution
		Debug|Any CPU = Debug|Any CPU
		Release|Any CPU = Release|Any CPU
	EndGlobalSection
	GlobalSection(ProjectConfigurationPlatforms) = postSolution
		{A074E25F-9F5E-4F36-B65B-312823B9BE62}.Debug|Any CPU.ActiveCfg = Debug|Any CPU
		{A074E25F-9F5E-4F36-B65B-312823B9BE62}.Debug|Any CPU.Build.0 = Debug|Any CPU
		{A074E25F-9F5E-4F36-B65B-312823B9BE62}.Release|Any CPU.ActiveCfg = Release|Any CPU
		{A074E25F-9F5E-4F36-B65B-312823B9BE62}.Release|Any CPU.Build.0 = Release|Any CPU
	EndGlobalSection
	GlobalSection(SolutionProperties) = preSolution
		HideSolutionNode = FALSE
	EndGlobalSection
	GlobalSection(ExtensibilityGlobals) = postSolution
		SolutionGuid = {D98E67FC-2FDA-4611-ADB0-03E0BB1DAE61}
	EndGlobalSection
EndGlobal
